Microsoft Visual Studio Solution File, Format Version 11.00
# Visual Studio 2008

Project("{217D200B-2614-C92B-8941-75D07B12E899}") = "Sandcastle_Project", "Assembly-CSharp.csproj", "{A81428B2-3C9B-15D5-5E8C-82B8E400FB60}"
EndProject
Global
	GlobalSection(SolutionConfigurationPlatforms) = preSolution
		Debug|Any CPU = Debug|Any CPU
		Release|Any CPU = Release|Any CPU
	EndGlobalSection
	GlobalSection(ProjectConfigurationPlatforms) = postSolution
		{A81428B2-3C9B-15D5-5E8C-82B8E400FB60}.Debug|Any CPU.ActiveCfg = Debug|Any CPU
		{A81428B2-3C9B-15D5-5E8C-82B8E400FB60}.Debug|Any CPU.Build.0 = Debug|Any CPU
		{A81428B2-3C9B-15D5-5E8C-82B8E400FB60}.Release|Any CPU.ActiveCfg = Release|Any CPU
		{A81428B2-3C9B-15D5-5E8C-82B8E400FB60}.Release|Any CPU.Build.0 = Release|Any CPU
	EndGlobalSection
	GlobalSection(SolutionProperties) = preSolution
		HideSolutionNode = FALSE
	EndGlobalSection
	GlobalSection(MonoDevelopProperties) = preSolution
		StartupItem = Assembly-CSharp.csproj
	EndGlobalSection
EndGlobal
